
Microsoft Visual Studio Solution File, Format Version 12.00
# Visual Studio Version 16
VisualStudioVersion = 16.0.30907.101
MinimumVisualStudioVersion = 10.0.40219.1
Project("{9A19103F-16F7-4668-BE54-9A1E7A4F7556}") = "Zeats.Json", "Zeats.Json\Zeats.Json.csproj", "{D21DA615-8157-4129-BF10-30ADB8A9F2C2}"
EndProject
Project("{2150E333-8FDC-42A3-9474-1A3956D46DE8}") = ".devops", ".devops", "{ACBCC9EC-7A07-4BB7-9224-D1FDEE04FC62}"
	ProjectSection(SolutionItems) = preProject
		azure-pipelines.yml = azure-pipelines.yml
	EndProjectSection
EndProject
Global
	GlobalSection(SolutionConfigurationPlatforms) = preSolution
		Debug|Any CPU = Debug|Any CPU
		Release|Any CPU = Release|Any CPU
	EndGlobalSection
	GlobalSection(ProjectConfigurationPlatforms) = postSolution
		{D21DA615-8157-4129-BF10-30ADB8A9F2C2}.Debug|Any CPU.ActiveCfg = Debug|Any CPU
		{D21DA615-8157-4129-BF10-30ADB8A9F2C2}.Debug|Any CPU.Build.0 = Debug|Any CPU
		{D21DA615-8157-4129-BF10-30ADB8A9F2C2}.Release|Any CPU.ActiveCfg = Release|Any CPU
		{D21DA615-8157-4129-BF10-30ADB8A9F2C2}.Release|Any CPU.Build.0 = Release|Any CPU
	EndGlobalSection
	GlobalSection(SolutionProperties) = preSolution
		HideSolutionNode = FALSE
	EndGlobalSection
	GlobalSection(ExtensibilityGlobals) = postSolution
		SolutionGuid = {BF700731-AD09-44C9-A997-FD555B70A93A}
	EndGlobalSection
EndGlobal
